
Microsoft Visual Studio Solution File, Format Version 12.00
# Visual Studio Version 16
VisualStudioVersion = 16.0.31729.503
MinimumVisualStudioVersion = 10.0.40219.1
Project("{888888A0-9F3D-457C-B088-3A5042F75D52}") = "GoogleVisionAPI.sln", "GoogleVisionAPI\GoogleVisionAPI.sln.pyproj", "{D6F4BFDB-48A8-4008-925E-D961D01D9B21}"
EndProject
Global
	GlobalSection(SolutionConfigurationPlatforms) = preSolution
		Debug|Any CPU = Debug|Any CPU
		Release|Any CPU = Release|Any CPU
	EndGlobalSection
	GlobalSection(ProjectConfigurationPlatforms) = postSolution
		{D6F4BFDB-48A8-4008-925E-D961D01D9B21}.Debug|Any CPU.ActiveCfg = Debug|Any CPU
		{D6F4BFDB-48A8-4008-925E-D961D01D9B21}.Release|Any CPU.ActiveCfg = Release|Any CPU
	EndGlobalSection
	GlobalSection(SolutionProperties) = preSolution
		HideSolutionNode = FALSE
	EndGlobalSection
	GlobalSection(ExtensibilityGlobals) = postSolution
		SolutionGuid = {42AC5F17-45F3-4574-B3D0-4C665FDFD4FE}
	EndGlobalSection
EndGlobal
